
Microsoft Visual Studio Solution File, Format Version 12.00
# Visual Studio Version 17
VisualStudioVersion = 17.9.34728.123
MinimumVisualStudioVersion = 10.0.40219.1
Project("{FAE04EC0-301F-11D3-BF4B-00C04F79EFBC}") = "expresstion tree", "expresstion tree\expresstion tree.csproj", "{19BF2710-CCEE-43D7-99E4-A111410C22FF}"
EndProject
Global
	GlobalSection(SolutionConfigurationPlatforms) = preSolution
		Debug|Any CPU = Debug|Any CPU
		Release|Any CPU = Release|Any CPU
	EndGlobalSection
	GlobalSection(ProjectConfigurationPlatforms) = postSolution
		{19BF2710-CCEE-43D7-99E4-A111410C22FF}.Debug|Any CPU.ActiveCfg = Debug|Any CPU
		{19BF2710-CCEE-43D7-99E4-A111410C22FF}.Debug|Any CPU.Build.0 = Debug|Any CPU
		{19BF2710-CCEE-43D7-99E4-A111410C22FF}.Release|Any CPU.ActiveCfg = Release|Any CPU
		{19BF2710-CCEE-43D7-99E4-A111410C22FF}.Release|Any CPU.Build.0 = Release|Any CPU
	EndGlobalSection
	GlobalSection(SolutionProperties) = preSolution
		HideSolutionNode = FALSE
	EndGlobalSection
	GlobalSection(ExtensibilityGlobals) = postSolution
		SolutionGuid = {83B3C475-0A98-4CE4-9B55-4F436647C8E7}
	EndGlobalSection
EndGlobal
