
Microsoft Visual Studio Solution File, Format Version 12.00
# Visual Studio Version 17
VisualStudioVersion = 17.9.34728.123
MinimumVisualStudioVersion = 10.0.40219.1
Project("{FAE04EC0-301F-11D3-BF4B-00C04F79EFBC}") = "anonymus type", "anonymus type\anonymus type.csproj", "{5C61A7A0-FF53-4683-9734-44FB46FC7171}"
EndProject
Global
	GlobalSection(SolutionConfigurationPlatforms) = preSolution
		Debug|Any CPU = Debug|Any CPU
		Release|Any CPU = Release|Any CPU
	EndGlobalSection
	GlobalSection(ProjectConfigurationPlatforms) = postSolution
		{5C61A7A0-FF53-4683-9734-44FB46FC7171}.Debug|Any CPU.ActiveCfg = Debug|Any CPU
		{5C61A7A0-FF53-4683-9734-44FB46FC7171}.Debug|Any CPU.Build.0 = Debug|Any CPU
		{5C61A7A0-FF53-4683-9734-44FB46FC7171}.Release|Any CPU.ActiveCfg = Release|Any CPU
		{5C61A7A0-FF53-4683-9734-44FB46FC7171}.Release|Any CPU.Build.0 = Release|Any CPU
	EndGlobalSection
	GlobalSection(SolutionProperties) = preSolution
		HideSolutionNode = FALSE
	EndGlobalSection
	GlobalSection(ExtensibilityGlobals) = postSolution
		SolutionGuid = {C814324B-E914-4853-978D-11964FE2FAF0}
	EndGlobalSection
EndGlobal
