
Microsoft Visual Studio Solution File, Format Version 12.00
# Visual Studio Version 17
VisualStudioVersion = 17.9.34728.123
MinimumVisualStudioVersion = 10.0.40219.1
Project("{FAE04EC0-301F-11D3-BF4B-00C04F79EFBC}") = "Anonymous method", "Anonymous method\Anonymous method.csproj", "{C0D0FF0E-90C0-475B-B935-4DAD882475A6}"
EndProject
Global
	GlobalSection(SolutionConfigurationPlatforms) = preSolution
		Debug|Any CPU = Debug|Any CPU
		Release|Any CPU = Release|Any CPU
	EndGlobalSection
	GlobalSection(ProjectConfigurationPlatforms) = postSolution
		{C0D0FF0E-90C0-475B-B935-4DAD882475A6}.Debug|Any CPU.ActiveCfg = Debug|Any CPU
		{C0D0FF0E-90C0-475B-B935-4DAD882475A6}.Debug|Any CPU.Build.0 = Debug|Any CPU
		{C0D0FF0E-90C0-475B-B935-4DAD882475A6}.Release|Any CPU.ActiveCfg = Release|Any CPU
		{C0D0FF0E-90C0-475B-B935-4DAD882475A6}.Release|Any CPU.Build.0 = Release|Any CPU
	EndGlobalSection
	GlobalSection(SolutionProperties) = preSolution
		HideSolutionNode = FALSE
	EndGlobalSection
	GlobalSection(ExtensibilityGlobals) = postSolution
		SolutionGuid = {09EE9200-DA5A-435C-BC61-0668D71D5BEC}
	EndGlobalSection
EndGlobal
