
Microsoft Visual Studio Solution File, Format Version 12.00
# Visual Studio Version 17
VisualStudioVersion = 17.9.34728.123
MinimumVisualStudioVersion = 10.0.40219.1
Project("{FAE04EC0-301F-11D3-BF4B-00C04F79EFBC}") = "TAP", "TAP\TAP.csproj", "{EDBB36A6-3676-4334-AB18-7CEF1962451C}"
EndProject
Global
	GlobalSection(SolutionConfigurationPlatforms) = preSolution
		Debug|Any CPU = Debug|Any CPU
		Release|Any CPU = Release|Any CPU
	EndGlobalSection
	GlobalSection(ProjectConfigurationPlatforms) = postSolution
		{EDBB36A6-3676-4334-AB18-7CEF1962451C}.Debug|Any CPU.ActiveCfg = Debug|Any CPU
		{EDBB36A6-3676-4334-AB18-7CEF1962451C}.Debug|Any CPU.Build.0 = Debug|Any CPU
		{EDBB36A6-3676-4334-AB18-7CEF1962451C}.Release|Any CPU.ActiveCfg = Release|Any CPU
		{EDBB36A6-3676-4334-AB18-7CEF1962451C}.Release|Any CPU.Build.0 = Release|Any CPU
	EndGlobalSection
	GlobalSection(SolutionProperties) = preSolution
		HideSolutionNode = FALSE
	EndGlobalSection
	GlobalSection(ExtensibilityGlobals) = postSolution
		SolutionGuid = {1377D0B5-7A6F-4B20-8773-CC2F7A01CD93}
	EndGlobalSection
EndGlobal
