
Microsoft Visual Studio Solution File, Format Version 12.00
# Visual Studio Version 17
VisualStudioVersion = 17.9.34728.123
MinimumVisualStudioVersion = 10.0.40219.1
Project("{FAE04EC0-301F-11D3-BF4B-00C04F79EFBC}") = "delegate1", "delegate1\delegate1.csproj", "{D90B96FB-C164-4BF6-875F-90FAC06D30D9}"
EndProject
Global
	GlobalSection(SolutionConfigurationPlatforms) = preSolution
		Debug|Any CPU = Debug|Any CPU
		Release|Any CPU = Release|Any CPU
	EndGlobalSection
	GlobalSection(ProjectConfigurationPlatforms) = postSolution
		{D90B96FB-C164-4BF6-875F-90FAC06D30D9}.Debug|Any CPU.ActiveCfg = Debug|Any CPU
		{D90B96FB-C164-4BF6-875F-90FAC06D30D9}.Debug|Any CPU.Build.0 = Debug|Any CPU
		{D90B96FB-C164-4BF6-875F-90FAC06D30D9}.Release|Any CPU.ActiveCfg = Release|Any CPU
		{D90B96FB-C164-4BF6-875F-90FAC06D30D9}.Release|Any CPU.Build.0 = Release|Any CPU
	EndGlobalSection
	GlobalSection(SolutionProperties) = preSolution
		HideSolutionNode = FALSE
	EndGlobalSection
	GlobalSection(ExtensibilityGlobals) = postSolution
		SolutionGuid = {82A321CE-8EFF-478C-8FFA-ED23B5F63A7B}
	EndGlobalSection
EndGlobal
